Microsoft Visual Studio Solution File, Format Version 12.00
# Visual Studio Version 17
VisualStudioVersion = 17.5.2.0
MinimumVisualStudioVersion = 10.0.40219.1
Project("{FAE04EC0-301F-11D3-BF4B-00C04F79EFBC}") = "SpeedVsEfficiencyApi", "SpeedVsEfficiencyApi.csproj", "{DC42876A-84B3-FCAF-5065-74194FDE4B44}"
EndProject
Global
	GlobalSection(SolutionConfigurationPlatforms) = preSolution
		Debug|Any CPU = Debug|Any CPU
		Release|Any CPU = Release|Any CPU
	EndGlobalSection
	GlobalSection(ProjectConfigurationPlatforms) = postSolution
		{DC42876A-84B3-FCAF-5065-74194FDE4B44}.Debug|Any CPU.ActiveCfg = Debug|Any CPU
		{DC42876A-84B3-FCAF-5065-74194FDE4B44}.Debug|Any CPU.Build.0 = Debug|Any CPU
		{DC42876A-84B3-FCAF-5065-74194FDE4B44}.Release|Any CPU.ActiveCfg = Release|Any CPU
		{DC42876A-84B3-FCAF-5065-74194FDE4B44}.Release|Any CPU.Build.0 = Release|Any CPU
	EndGlobalSection
	GlobalSection(SolutionProperties) = preSolution
		HideSolutionNode = FALSE
	EndGlobalSection
	GlobalSection(ExtensibilityGlobals) = postSolution
		SolutionGuid = {F629C5FF-1EAD-4617-9AA1-03A403D1E9B8}
	EndGlobalSection
EndGlobal
